# generated by rye
# use `rye lock` or `rye sync` to update this lockfile
#
# last locked with the following flags:
#   pre: false
#   features: []
#   all-features: false
#   with-sources: false

-e file:.
contourpy==1.2.1
    # via matplotlib
cycler==0.12.1
    # via matplotlib
fonttools==4.53.0
    # via matplotlib
jax==0.4.30
    # via lnn
jaxlib==0.4.30
    # via jax
kiwisolver==1.4.5
    # via matplotlib
matplotlib==3.9.0
    # via lnn
ml-dtypes==0.4.0
    # via jax
    # via jaxlib
numpy==2.0.0
    # via contourpy
    # via jax
    # via jaxlib
    # via lnn
    # via matplotlib
    # via ml-dtypes
    # via opt-einsum
    # via scipy
opt-einsum==3.3.0
    # via jax
packaging==24.1
    # via matplotlib
pillow==10.3.0
    # via matplotlib
pyparsing==3.1.2
    # via matplotlib
python-dateutil==2.9.0.post0
    # via matplotlib
scipy==1.14.0
    # via jax
    # via jaxlib
six==1.16.0
    # via python-dateutil
