# generated by rye
# use `rye lock` or `rye sync` to update this lockfile
#
# last locked with the following flags:
#   pre: false
#   features: []
#   all-features: false
#   with-sources: false

-e file:.
certifi==2024.6.2
    # via requests
charset-normalizer==3.3.2
    # via requests
contourpy==1.2.1
    # via matplotlib
cycler==0.12.1
    # via matplotlib
decorator==4.4.2
    # via moviepy
fonttools==4.53.0
    # via matplotlib
idna==3.7
    # via requests
imageio==2.34.2
    # via moviepy
imageio-ffmpeg==0.5.1
    # via moviepy
jax==0.4.30
    # via lnn
jaxlib==0.4.30
    # via jax
kiwisolver==1.4.5
    # via matplotlib
matplotlib==3.9.0
    # via lnn
ml-dtypes==0.4.0
    # via jax
    # via jaxlib
moviepy==1.0.3
    # via lnn
numpy==2.0.0
    # via contourpy
    # via imageio
    # via jax
    # via jaxlib
    # via lnn
    # via matplotlib
    # via ml-dtypes
    # via moviepy
    # via opt-einsum
    # via scipy
opt-einsum==3.3.0
    # via jax
packaging==24.1
    # via matplotlib
pillow==10.3.0
    # via imageio
    # via matplotlib
proglog==0.1.10
    # via moviepy
pyparsing==3.1.2
    # via matplotlib
python-dateutil==2.9.0.post0
    # via matplotlib
requests==2.32.3
    # via moviepy
scipy==1.14.0
    # via jax
    # via jaxlib
setuptools==70.1.1
    # via imageio-ffmpeg
six==1.16.0
    # via python-dateutil
tqdm==4.66.4
    # via moviepy
    # via proglog
urllib3==2.2.2
    # via requests
